lockfileVersion: '9.0'

settings:
  autoInstallPeers: true
  excludeLinksFromLockfile: false

importers:

  .:
    devDependencies:
      '@tailwindcss/aspect-ratio':
        specifier: ^0.4.2
        version: 0.4.2
      tailwindcss-animate:
        specifier: ^1.0.7
        version: 1.0.7

packages:

  '@tailwindcss/aspect-ratio@0.4.2':
    resolution: {integrity: sha512-8QPrypskfBa7QIMuKHg2TA7BqES6vhBrDLOv8Unb6FcFyd3TjKbc6lcmb9UPQHxfl24sXoJ41ux/H7qQQvfaSQ==}
    peerDependencies:
      tailwindcss: '>=2.0.0 || >=3.0.0 || >=3.0.0-alpha.1'

  tailwindcss-animate@1.0.7:
    resolution: {integrity: sha512-bl6mpH3T7I3UFxuvDEXLxy/VuFxBk5bbzplh7tXI68mwMokNYd1t9qPBHlnyTwfa4JGC4zP516I1hYYtQ/vspA==}
    peerDependencies:
      tailwindcss: '>=3.0.0 || insiders'

snapshots:

  '@tailwindcss/aspect-ratio@0.4.2': {}

  tailwindcss-animate@1.0.7: {}
